
Microsoft Visual Studio Solution File, Format Version 12.00
# Visual Studio Version 17
VisualStudioVersion = 17.14.36811.4 d17.14
MinimumVisualStudioVersion = 10.0.40219.1
Project("{8BC9CEB8-8B4A-11D0-8D11-00A0C91BC942}") = "Schwarz-Kernel", "Schwarz-Kernel.vcxproj", "{A764400B-6072-46E6-ACC0-5A4EB6B78C12}"
EndProject
Global
	GlobalSection(SolutionConfigurationPlatforms) = preSolution
		Debug|x64 = Debug|x64
		Debug|x86 = Debug|x86
		Release|x64 = Release|x64
		Release|x86 = Release|x86
	EndGlobalSection
	GlobalSection(ProjectConfigurationPlatforms) = postSolution
		{A764400B-6072-46E6-ACC0-5A4EB6B78C12}.Debug|x64.ActiveCfg = Debug|x64
		{A764400B-6072-46E6-ACC0-5A4EB6B78C12}.Debug|x64.Build.0 = Debug|x64
		{A764400B-6072-46E6-ACC0-5A4EB6B78C12}.Debug|x86.ActiveCfg = Debug|Win32
		{A764400B-6072-46E6-ACC0-5A4EB6B78C12}.Debug|x86.Build.0 = Debug|Win32
		{A764400B-6072-46E6-ACC0-5A4EB6B78C12}.Release|x64.ActiveCfg = Release|x64
		{A764400B-6072-46E6-ACC0-5A4EB6B78C12}.Release|x64.Build.0 = Release|x64
		{A764400B-6072-46E6-ACC0-5A4EB6B78C12}.Release|x86.ActiveCfg = Release|Win32
		{A764400B-6072-46E6-ACC0-5A4EB6B78C12}.Release|x86.Build.0 = Release|Win32
	EndGlobalSection
	GlobalSection(SolutionProperties) = preSolution
		HideSolutionNode = FALSE
	EndGlobalSection
	GlobalSection(ExtensibilityGlobals) = postSolution
		SolutionGuid = {81AC90AD-7771-46E5-9BDF-67121CFC0859}
	EndGlobalSection
EndGlobal
